
Microsoft Visual Studio Solution File, Format Version 12.00
# Visual Studio Version 17
VisualStudioVersion = 17.1.32228.430
MinimumVisualStudioVersion = 10.0.40219.1
Project("{9A19103F-16F7-4668-BE54-9A1E7A4F7556}") = "Application", "src\Application\Application.csproj", "{16F48675-A7AB-474A-9F9D-6A373140C24F}"
EndProject
Project("{9A19103F-16F7-4668-BE54-9A1E7A4F7556}") = "Management", "src\Management\Management.csproj", "{C39A9B9D-85C0-4CB5-9C31-CE6F42872639}"
EndProject
Project("{FAE04EC0-301F-11D3-BF4B-00C04F79EFBC}") = "MotivatorManagementFunction", "src\MotivatorManagementFunction\MotivatorManagementFunction.csproj", "{69151AB7-1E8A-4C5E-BA61-64AC7B9170EE}"
EndProject
Global
	GlobalSection(SolutionConfigurationPlatforms) = preSolution
		Debug|Any CPU = Debug|Any CPU
		Release|Any CPU = Release|Any CPU
	EndGlobalSection
	GlobalSection(ProjectConfigurationPlatforms) = postSolution
		{16F48675-A7AB-474A-9F9D-6A373140C24F}.Debug|Any CPU.ActiveCfg = Debug|Any CPU
		{16F48675-A7AB-474A-9F9D-6A373140C24F}.Debug|Any CPU.Build.0 = Debug|Any CPU
		{16F48675-A7AB-474A-9F9D-6A373140C24F}.Release|Any CPU.ActiveCfg = Release|Any CPU
		{16F48675-A7AB-474A-9F9D-6A373140C24F}.Release|Any CPU.Build.0 = Release|Any CPU
		{C39A9B9D-85C0-4CB5-9C31-CE6F42872639}.Debug|Any CPU.ActiveCfg = Debug|Any CPU
		{C39A9B9D-85C0-4CB5-9C31-CE6F42872639}.Debug|Any CPU.Build.0 = Debug|Any CPU
		{C39A9B9D-85C0-4CB5-9C31-CE6F42872639}.Release|Any CPU.ActiveCfg = Release|Any CPU
		{C39A9B9D-85C0-4CB5-9C31-CE6F42872639}.Release|Any CPU.Build.0 = Release|Any CPU
		{69151AB7-1E8A-4C5E-BA61-64AC7B9170EE}.Debug|Any CPU.ActiveCfg = Debug|Any CPU
		{69151AB7-1E8A-4C5E-BA61-64AC7B9170EE}.Debug|Any CPU.Build.0 = Debug|Any CPU
		{69151AB7-1E8A-4C5E-BA61-64AC7B9170EE}.Release|Any CPU.ActiveCfg = Release|Any CPU
		{69151AB7-1E8A-4C5E-BA61-64AC7B9170EE}.Release|Any CPU.Build.0 = Release|Any CPU
	EndGlobalSection
	GlobalSection(SolutionProperties) = preSolution
		HideSolutionNode = FALSE
	EndGlobalSection
	GlobalSection(ExtensibilityGlobals) = postSolution
		SolutionGuid = {4B9AA4B4-9AB8-44D0-A251-6ED29CC5A593}
	EndGlobalSection
EndGlobal
